// !$*UTF8*$!
{
	archiveVersion = 1;
	classes = {
	};
	objectVersion = 50;
	objects = {

/* Begin PBXBuildFile section */
		1F96B778246EC0AC0020DE0C /* AppDelegate.swift in Sources */ = {isa = PBXBuildFile; fileRef = 1F96B777246EC0AC0020DE0C /* AppDelegate.swift */; };
		1F96B77A246EC0AC0020DE0C /* SceneDelegate.swift in Sources */ = {isa = PBXBuildFile; fileRef = 1F96B779246EC0AC0020DE0C /* SceneDelegate.swift */; };
		1F96B77C246EC0AC0020DE0C /* ViewController.swift in Sources */ = {isa = PBXBuildFile; fileRef = 1F96B77B246EC0AC0020DE0C /* ViewController.swift */; };
		1F96B77F246EC0AC0020DE0C /* Main.storyboard in Resources */ = {isa = PBXBuildFile; fileRef = 1F96B77D246EC0AC0020DE0C /* Main.storyboard */; };
		1F96B781246EC0B30020DE0C /* Assets.xcassets in Resources */ = {isa = PBXBuildFile; fileRef = 1F96B780246EC0B30020DE0C /* Assets.xcassets */; };
		1F96B784246EC0B30020DE0C /* LaunchScreen.storyboard in Resources */ = {isa = PBXBuildFile; fileRef = 1F96B782246EC0B30020DE0C /* LaunchScreen.storyboard */; };
		1F96B79D246EC1750020DE0C /* JSONTableView.framework in Frameworks */ = {isa = PBXBuildFile; fileRef = 1F96B79B246EC16C0020DE0C /* JSONTableView.framework */; };
		1F96B79E246EC1750020DE0C /* JSONTableView.framework in Embed Frameworks */ = {isa = PBXBuildFile; fileRef = 1F96B79B246EC16C0020DE0C /* JSONTableView.framework */; settings = {ATTRIBUTES = (CodeSignOnCopy, RemoveHeadersOnCopy, ); }; };
/* End PBXBuildFile section */

/* Begin PBXContainerItemProxy section */
		1F96B79A246EC16C0020DE0C /* PBXContainerItemProxy */ = {
			isa = PBXContainerItemProxy;
			containerPortal = 1F96B791246EC1680020DE0C /* JSONTableView.xcodeproj */;
			proxyType = 2;
			remoteGlobalIDString = 1F96B760246EBFDF0020DE0C;
			remoteInfo = JSONTableView;
		};
/* End PBXContainerItemProxy section */

/* Begin PBXCopyFilesBuildPhase section */
		1F96B79F246EC1760020DE0C /* Embed Frameworks */ = {
			isa = PBXCopyFilesBuildPhase;
			buildActionMask = 2147483647;
			dstPath = "";
			dstSubfolderSpec = 10;
			files = (
				1F96B79E246EC1750020DE0C /* JSONTableView.framework in Embed Frameworks */,
			);
			name = "Embed Frameworks";
			runOnlyForDeploymentPostprocessing = 0;
		};
/* End PBXCopyFilesBuildPhase section */

/* Begin PBXFileReference section */
		1F96B774246EC0AC0020DE0C /* TestForTableView.app */ = {isa = PBXFileReference; explicitFileType = wrapper.application; includeInIndex = 0; path = TestForTableView.app; sourceTree = BUILT_PRODUCTS_DIR; };
		1F96B777246EC0AC0020DE0C /* AppDelegate.swift */ = {isa = PBXFileReference; lastKnownFileType = sourcecode.swift; path = AppDelegate.swift; sourceTree = "<group>"; };
		1F96B779246EC0AC0020DE0C /* SceneDelegate.swift */ = {isa = PBXFileReference; lastKnownFileType = sourcecode.swift; path = SceneDelegate.swift; sourceTree = "<group>"; };
		1F96B77B246EC0AC0020DE0C /* ViewController.swift */ = {isa = PBXFileReference; lastKnownFileType = sourcecode.swift; path = ViewController.swift; sourceTree = "<group>"; };
		1F96B77E246EC0AC0020DE0C /* Base */ = {isa = PBXFileReference; lastKnownFileType = file.storyboard; name = Base; path = Base.lproj/Main.storyboard; sourceTree = "<group>"; };
		1F96B780246EC0B30020DE0C /* Assets.xcassets */ = {isa = PBXFileReference; lastKnownFileType = folder.assetcatalog; path = Assets.xcassets; sourceTree = "<group>"; };
		1F96B783246EC0B30020DE0C /* Base */ = {isa = PBXFileReference; lastKnownFileType = file.storyboard; name = Base; path = Base.lproj/LaunchScreen.storyboard; sourceTree = "<group>"; };
		1F96B785246EC0B30020DE0C /* Info.plist */ = {isa = PBXFileReference; lastKnownFileType = text.plist.xml; path = Info.plist; sourceTree = "<group>"; };
		1F96B791246EC1680020DE0C /* JSONTableView.xcodeproj */ = {isa = PBXFileReference; lastKnownFileType = "wrapper.pb-project"; name = JSONTableView.xcodeproj; path = TestForTableView/JSONTableView/JSONTableView.xcodeproj; sourceTree = "<group>"; };
/* End PBXFileReference section */

/* Begin PBXFrameworksBuildPhase section */
		1F96B771246EC0AC0020DE0C /* Frameworks */ = {
			isa = PBXFrameworksBuildPhase;
			buildActionMask = 2147483647;
			files = (
				1F96B79D246EC1750020DE0C /* JSONTableView.framework in Frameworks */,
			);
			runOnlyForDeploymentPostprocessing = 0;
		};
/* End PBXFrameworksBuildPhase section */

/* Begin PBXGroup section */
		1F96B76B246EC0AC0020DE0C = {
			isa = PBXGroup;
			children = (
				1F96B791246EC1680020DE0C /* JSONTableView.xcodeproj */,
				1F96B776246EC0AC0020DE0C /* TestForTableView */,
				1F96B775246EC0AC0020DE0C /* Products */,
				1F96B79C246EC1750020DE0C /* Frameworks */,
			);
			sourceTree = "<group>";
		};
		1F96B775246EC0AC0020DE0C /* Products */ = {
			isa = PBXGroup;
			children = (
				1F96B774246EC0AC0020DE0C /* TestForTableView.app */,
			);
			name = Products;
			sourceTree = "<group>";
		};
		1F96B776246EC0AC0020DE0C /* TestForTableView */ = {
			isa = PBXGroup;
			children = (
				1F96B777246EC0AC0020DE0C /* AppDelegate.swift */,
				1F96B779246EC0AC0020DE0C /* SceneDelegate.swift */,
				1F96B77B246EC0AC0020DE0C /* ViewController.swift */,
				1F96B77D246EC0AC0020DE0C /* Main.storyboard */,
				1F96B780246EC0B30020DE0C /* Assets.xcassets */,
				1F96B782246EC0B30020DE0C /* LaunchScreen.storyboard */,
				1F96B785246EC0B30020DE0C /* Info.plist */,
			);
			path = TestForTableView;
			sourceTree = "<group>";
		};
		1F96B797246EC16C0020DE0C /* Products */ = {
			isa = PBXGroup;
			children = (
				1F96B79B246EC16C0020DE0C /* JSONTableView.framework */,
			);
			name = Products;
			sourceTree = "<group>";
		};
		1F96B79C246EC1750020DE0C /* Frameworks */ = {
			isa = PBXGroup;
			children = (
			);
			name = Frameworks;
			sourceTree = "<group>";
		};
/* End PBXGroup section */

/* Begin PBXNativeTarget section */
		1F96B773246EC0AC0020DE0C /* TestForTableView */ = {
			isa = PBXNativeTarget;
			buildConfigurationList = 1F96B788246EC0B30020DE0C /* Build configuration list for PBXNativeTarget "TestForTableView" */;
			buildPhases = (
				1F96B770246EC0AC0020DE0C /* Sources */,
				1F96B771246EC0AC0020DE0C /* Frameworks */,
				1F96B772246EC0AC0020DE0C /* Resources */,
				1F96B79F246EC1760020DE0C /* Embed Frameworks */,
			);
			buildRules = (
			);
			dependencies = (
			);
			name = TestForTableView;
			productName = TestForTableView;
			productReference = 1F96B774246EC0AC0020DE0C /* TestForTableView.app */;
			productType = "com.apple.product-type.application";
		};
/* End PBXNativeTarget section */

/* Begin PBXProject section */
		1F96B76C246EC0AC0020DE0C /* Project object */ = {
			isa = PBXProject;
			attributes = {
				LastSwiftUpdateCheck = 1130;
				LastUpgradeCheck = 1130;
				ORGANIZATIONNAME = Sid;
				TargetAttributes = {
					1F96B773246EC0AC0020DE0C = {
						CreatedOnToolsVersion = 11.3.1;
					};
				};
			};
			buildConfigurationList = 1F96B76F246EC0AC0020DE0C /* Build configuration list for PBXProject "TestForTableView" */;
			compatibilityVersion = "Xcode 9.3";
			developmentRegion = en;
			hasScannedForEncodings = 0;
			knownRegions = (
				en,
				Base,
			);
			mainGroup = 1F96B76B246EC0AC0020DE0C;
			productRefGroup = 1F96B775246EC0AC0020DE0C /* Products */;
			projectDirPath = "";
			projectReferences = (
				{
					ProductGroup = 1F96B797246EC16C0020DE0C /* Products */;
					ProjectRef = 1F96B791246EC1680020DE0C /* JSONTableView.xcodeproj */;
				},
			);
			projectRoot = "";
			targets = (
				1F96B773246EC0AC0020DE0C /* TestForTableView */,
			);
		};
/* End PBXProject section */

/* Begin PBXReferenceProxy section */
		1F96B79B246EC16C0020DE0C /* JSONTableView.framework */ = {
			isa = PBXReferenceProxy;
			fileType = wrapper.framework;
			path = JSONTableView.framework;
			remoteRef = 1F96B79A246EC16C0020DE0C /* PBXContainerItemProxy */;
			sourceTree = BUILT_PRODUCTS_DIR;
		};
/* End PBXReferenceProxy section */

/* Begin PBXResourcesBuildPhase section */
		1F96B772246EC0AC0020DE0C /* Resources */ = {
			isa = PBXResourcesBuildPhase;
			buildActionMask = 2147483647;
			files = (
				1F96B784246EC0B30020DE0C /* LaunchScreen.storyboard in Resources */,
				1F96B781246EC0B30020DE0C /* Assets.xcassets in Resources */,
				1F96B77F246EC0AC0020DE0C /* Main.storyboard in Resources */,
			);
			runOnlyForDeploymentPostprocessing = 0;
		};
/* End PBXResourcesBuildPhase section */

/* Begin PBXSourcesBuildPhase section */
		1F96B770246EC0AC0020DE0C /* Sources */ = {
			isa = PBXSourcesBuildPhase;
			buildActionMask = 2147483647;
			files = (
				1F96B77C246EC0AC0020DE0C /* ViewController.swift in Sources */,
				1F96B778246EC0AC0020DE0C /* AppDelegate.swift in Sources */,
				1F96B77A246EC0AC0020DE0C /* SceneDelegate.swift in Sources */,
			);
			runOnlyForDeploymentPostprocessing = 0;
		};
/* End PBXSourcesBuildPhase section */

/* Begin PBXVariantGroup section */
		1F96B77D246EC0AC0020DE0C /* Main.storyboard */ = {
			isa = PBXVariantGroup;
			children = (
				1F96B77E246EC0AC0020DE0C /* Base */,
			);
			name = Main.storyboard;
			sourceTree = "<group>";
		};
		1F96B782246EC0B30020DE0C /* LaunchScreen.storyboard */ = {
			isa = PBXVariantGroup;
			children = (
				1F96B783246EC0B30020DE0C /* Base */,
			);
			name = LaunchScreen.storyboard;
			sourceTree = "<group>";
		};
/* End PBXVariantGroup section */

/* Begin XCBuildConfiguration section */
		1F96B786246EC0B30020DE0C /* Debug */ = {
			isa = XCBuildConfiguration;
			buildSettings = {
				ALWAYS_SEARCH_USER_PATHS = NO;
				CLANG_ANALYZER_NONNULL = YES;
				CLANG_ANALYZER_NUMBER_OBJECT_CONVERSION = YES_AGGRESSIVE;
				CLANG_CXX_LANGUAGE_STANDARD = "gnu++14";
				CLANG_CXX_LIBRARY = "libc++";
				CLANG_ENABLE_MODULES = YES;
				CLANG_ENABLE_OBJC_ARC = YES;
				CLANG_ENABLE_OBJC_WEAK = YES;
				CLANG_WARN_BLOCK_CAPTURE_AUTORELEASING = YES;
				CLANG_WARN_BOOL_CONVERSION = YES;
				CLANG_WARN_COMMA = YES;
				CLANG_WARN_CONSTANT_CONVERSION = YES;
				CLANG_WARN_DEPRECATED_OBJC_IMPLEMENTATIONS = YES;
				CLANG_WARN_DIRECT_OBJC_ISA_USAGE = YES_ERROR;
				CLANG_WARN_DOCUMENTATION_COMMENTS = YES;
				CLANG_WARN_EMPTY_BODY = YES;
				CLANG_WARN_ENUM_CONVERSION = YES;
				CLANG_WARN_INFINITE_RECURSION = YES;
				CLANG_WARN_INT_CONVERSION = YES;
				CLANG_WARN_NON_LITERAL_NULL_CONVERSION = YES;
				CLANG_WARN_OBJC_IMPLICIT_RETAIN_SELF = YES;
				CLANG_WARN_OBJC_LITERAL_CONVERSION = YES;
				CLANG_WARN_OBJC_ROOT_CLASS = YES_ERROR;
				CLANG_WARN_RANGE_LOOP_ANALYSIS = YES;
				CLANG_WARN_STRICT_PROTOTYPES = YES;
				CLANG_WARN_SUSPICIOUS_MOVE = YES;
				CLANG_WARN_UNGUARDED_AVAILABILITY = YES_AGGRESSIVE;
				CLANG_WARN_UNREACHABLE_CODE = YES;
				CLANG_WARN__DUPLICATE_METHOD_MATCH = YES;
				COPY_PHASE_STRIP = NO;
				DEBUG_INFORMATION_FORMAT = dwarf;
				ENABLE_STRICT_OBJC_MSGSEND = YES;
				ENABLE_TESTABILITY = YES;
				GCC_C_LANGUAGE_STANDARD = gnu11;
				GCC_DYNAMIC_NO_PIC = NO;
				GCC_NO_COMMON_BLOCKS = YES;
				GCC_OPTIMIZATION_LEVEL = 0;
				GCC_PREPROCESSOR_DEFINITIONS = (
					"DEBUG=1",
					"$(inherited)",
				);
				GCC_WARN_64_TO_32_BIT_CONVERSION = YES;
				GCC_WARN_ABOUT_RETURN_TYPE = YES_ERROR;
				GCC_WARN_UNDECLARED_SELECTOR = YES;
				GCC_WARN_UNINITIALIZED_AUTOS = YES_AGGRESSIVE;
				GCC_WARN_UNUSED_FUNCTION = YES;
				GCC_WARN_UNUSED_VARIABLE = YES;
				IPHONEOS_DEPLOYMENT_TARGET = 13.2;
				MTL_ENABLE_DEBUG_INFO = INCLUDE_SOURCE;
				MTL_FAST_MATH = YES;
				ONLY_ACTIVE_ARCH = YES;
				SDKROOT = iphoneos;
				SWIFT_ACTIVE_COMPILATION_CONDITIONS = DEBUG;
				SWIFT_OPTIMIZATION_LEVEL = "-Onone";
			};
			name = Debug;
		};
		1F96B787246EC0B30020DE0C /* Release */ = {
			isa = XCBuildConfiguration;
			buildSettings = {
				ALWAYS_SEARCH_USER_PATHS = NO;
				CLANG_ANALYZER_NONNULL = YES;
				CLANG_ANALYZER_NUMBER_OBJECT_CONVERSION = YES_AGGRESSIVE;
				CLANG_CXX_LANGUAGE_STANDARD = "gnu++14";
				CLANG_CXX_LIBRARY = "libc++";
				CLANG_ENABLE_MODULES = YES;
				CLANG_ENABLE_OBJC_ARC = YES;
				CLANG_ENABLE_OBJC_WEAK = YES;
				CLANG_WARN_BLOCK_CAPTURE_AUTORELEASING = YES;
				CLANG_WARN_BOOL_CONVERSION = YES;
				CLANG_WARN_COMMA = YES;
				CLANG_WARN_CONSTANT_CONVERSION = YES;
				CLANG_WARN_DEPRECATED_OBJC_IMPLEMENTATIONS = YES;
				CLANG_WARN_DIRECT_OBJC_ISA_USAGE = YES_ERROR;
				CLANG_WARN_DOCUMENTATION_COMMENTS = YES;
				CLANG_WARN_EMPTY_BODY = YES;
				CLANG_WARN_ENUM_CONVERSION = YES;
				CLANG_WARN_INFINITE_RECURSION = YES;
				CLANG_WARN_INT_CONVERSION = YES;
				CLANG_WARN_NON_LITERAL_NULL_CONVERSION = YES;
				CLANG_WARN_OBJC_IMPLICIT_RETAIN_SELF = YES;
				CLANG_WARN_OBJC_LITERAL_CONVERSION = YES;
				CLANG_WARN_OBJC_ROOT_CLASS = YES_ERROR;
				CLANG_WARN_RANGE_LOOP_ANALYSIS = YES;
				CLANG_WARN_STRICT_PROTOTYPES = YES;
				CLANG_WARN_SUSPICIOUS_MOVE = YES;
				CLANG_WARN_UNGUARDED_AVAILABILITY = YES_AGGRESSIVE;
				CLANG_WARN_UNREACHABLE_CODE = YES;
				CLANG_WARN__DUPLICATE_METHOD_MATCH = YES;
				COPY_PHASE_STRIP = NO;
				DEBUG_INFORMATION_FORMAT = "dwarf-with-dsym";
				ENABLE_NS_ASSERTIONS = NO;
				ENABLE_STRICT_OBJC_MSGSEND = YES;
				GCC_C_LANGUAGE_STANDARD = gnu11;
				GCC_NO_COMMON_BLOCKS = YES;
				GCC_WARN_64_TO_32_BIT_CONVERSION = YES;
				GCC_WARN_ABOUT_RETURN_TYPE = YES_ERROR;
				GCC_WARN_UNDECLARED_SELECTOR = YES;
				GCC_WARN_UNINITIALIZED_AUTOS = YES_AGGRESSIVE;
				GCC_WARN_UNUSED_FUNCTION = YES;
				GCC_WARN_UNUSED_VARIABLE = YES;
				IPHONEOS_DEPLOYMENT_TARGET = 13.2;
				MTL_ENABLE_DEBUG_INFO = NO;
				MTL_FAST_MATH = YES;
				SDKROOT = iphoneos;
				SWIFT_COMPILATION_MODE = wholemodule;
				SWIFT_OPTIMIZATION_LEVEL = "-O";
				VALIDATE_PRODUCT = YES;
			};
			name = Release;
		};
		1F96B789246EC0B30020DE0C /* Debug */ = {
			isa = XCBuildConfiguration;
			buildSettings = {
				ASSETCATALOG_COMPILER_APPICON_NAME = AppIcon;
				CODE_SIGN_STYLE = Automatic;
				INFOPLIST_FILE = TestForTableView/Info.plist;
				LD_RUNPATH_SEARCH_PATHS = (
					"$(inherited)",
					"@executable_path/Frameworks",
				);
				PRODUCT_BUNDLE_IDENTIFIER = com.test.TestForTableView;
				PRODUCT_NAME = "$(TARGET_NAME)";
				SWIFT_VERSION = 5.0;
				TARGETED_DEVICE_FAMILY = "1,2";
			};
			name = Debug;
		};
		1F96B78A246EC0B30020DE0C /* Release */ = {
			isa = XCBuildConfiguration;
			buildSettings = {
				ASSETCATALOG_COMPILER_APPICON_NAME = AppIcon;
				CODE_SIGN_STYLE = Automatic;
				INFOPLIST_FILE = TestForTableView/Info.plist;
				LD_RUNPATH_SEARCH_PATHS = (
					"$(inherited)",
					"@executable_path/Frameworks",
				);
				PRODUCT_BUNDLE_IDENTIFIER = com.test.TestForTableView;
				PRODUCT_NAME = "$(TARGET_NAME)";
				SWIFT_VERSION = 5.0;
				TARGETED_DEVICE_FAMILY = "1,2";
			};
			name = Release;
		};
/* End XCBuildConfiguration section */

/* Begin XCConfigurationList section */
		1F96B76F246EC0AC0020DE0C /* Build configuration list for PBXProject "TestForTableView" */ = {
			isa = XCConfigurationList;
			buildConfigurations = (
				1F96B786246EC0B30020DE0C /* Debug */,
				1F96B787246EC0B30020DE0C /* Release */,
			);
			defaultConfigurationIsVisible = 0;
			defaultConfigurationName = Release;
		};
		1F96B788246EC0B30020DE0C /* Build configuration list for PBXNativeTarget "TestForTableView" */ = {
			isa = XCConfigurationList;
			buildConfigurations = (
				1F96B789246EC0B30020DE0C /* Debug */,
				1F96B78A246EC0B30020DE0C /* Release */,
			);
			defaultConfigurationIsVisible = 0;
			defaultConfigurationName = Release;
		};
/* End XCConfigurationList section */
	};
	rootObject = 1F96B76C246EC0AC0020DE0C /* Project object */;
}
